
Microsoft Visual Studio Solution File, Format Version 12.00
# Visual Studio 15
VisualStudioVersion = 15.0.28307.1972
MinimumVisualStudioVersion = 10.0.40219.1
Project("{FAE04EC0-301F-11D3-BF4B-00C04F79EFBC}") = "ClientAplication", "ClientAplication\ClientAplication.csproj", "{75733CE6-C333-4EE1-BE0A-B8724E368E5C}"
EndProject
Project("{FAE04EC0-301F-11D3-BF4B-00C04F79EFBC}") = "AdminAplication", "AdminAplication\AdminAplication.csproj", "{C109F21D-7829-4052-A6D1-CF879FB1B64F}"
EndProject
Global
	GlobalSection(SolutionConfigurationPlatforms) = preSolution
		Debug|Any CPU = Debug|Any CPU
		Release|Any CPU = Release|Any CPU
	EndGlobalSection
	GlobalSection(ProjectConfigurationPlatforms) = postSolution
		{75733CE6-C333-4EE1-BE0A-B8724E368E5C}.Debug|Any CPU.ActiveCfg = Debug|Any CPU
		{75733CE6-C333-4EE1-BE0A-B8724E368E5C}.Debug|Any CPU.Build.0 = Debug|Any CPU
		{75733CE6-C333-4EE1-BE0A-B8724E368E5C}.Release|Any CPU.ActiveCfg = Release|Any CPU
		{75733CE6-C333-4EE1-BE0A-B8724E368E5C}.Release|Any CPU.Build.0 = Release|Any CPU
		{C109F21D-7829-4052-A6D1-CF879FB1B64F}.Debug|Any CPU.ActiveCfg = Debug|Any CPU
		{C109F21D-7829-4052-A6D1-CF879FB1B64F}.Debug|Any CPU.Build.0 = Debug|Any CPU
		{C109F21D-7829-4052-A6D1-CF879FB1B64F}.Release|Any CPU.ActiveCfg = Release|Any CPU
		{C109F21D-7829-4052-A6D1-CF879FB1B64F}.Release|Any CPU.Build.0 = Release|Any CPU
	EndGlobalSection
	GlobalSection(SolutionProperties) = preSolution
		HideSolutionNode = FALSE
	EndGlobalSection
	GlobalSection(ExtensibilityGlobals) = postSolution
		SolutionGuid = {93650DF6-22E2-45B4-8BF1-735EE28163F6}
	EndGlobalSection
EndGlobal
